
Microsoft Visual Studio Solution File, Format Version 12.00
# Visual Studio Version 17
VisualStudioVersion = 17.10.34928.147
MinimumVisualStudioVersion = 10.0.40219.1
Project("{FAE04EC0-301F-11D3-BF4B-00C04F79EFBC}") = "FicticiaSA", "FicticiaSA\FicticiaSA.csproj", "{F4B78A8B-FEE2-44FD-9AF0-6165C2D9CF3B}"
EndProject
Global
	GlobalSection(SolutionConfigurationPlatforms) = preSolution
		Debug|Any CPU = Debug|Any CPU
		Release|Any CPU = Release|Any CPU
	EndGlobalSection
	GlobalSection(ProjectConfigurationPlatforms) = postSolution
		{F4B78A8B-FEE2-44FD-9AF0-6165C2D9CF3B}.Debug|Any CPU.ActiveCfg = Debug|Any CPU
		{F4B78A8B-FEE2-44FD-9AF0-6165C2D9CF3B}.Debug|Any CPU.Build.0 = Debug|Any CPU
		{F4B78A8B-FEE2-44FD-9AF0-6165C2D9CF3B}.Release|Any CPU.ActiveCfg = Release|Any CPU
		{F4B78A8B-FEE2-44FD-9AF0-6165C2D9CF3B}.Release|Any CPU.Build.0 = Release|Any CPU
	EndGlobalSection
	GlobalSection(SolutionProperties) = preSolution
		HideSolutionNode = FALSE
	EndGlobalSection
	GlobalSection(ExtensibilityGlobals) = postSolution
		SolutionGuid = {EC9289FC-4D99-463E-A49F-46F589830005}
	EndGlobalSection
EndGlobal
